
Microsoft Visual Studio Solution File, Format Version 12.00
# Visual Studio Version 17
VisualStudioVersion = 17.6.33829.357
MinimumVisualStudioVersion = 10.0.40219.1
Project("{FAE04EC0-301F-11D3-BF4B-00C04F79EFBC}") = "IWantApp", "IWantApp.csproj", "{A148C12E-5D89-4381-8EE9-8BE8B29E1F54}"
EndProject
Global
	GlobalSection(SolutionConfigurationPlatforms) = preSolution
		Debug|Any CPU = Debug|Any CPU
		Release|Any CPU = Release|Any CPU
	EndGlobalSection
	GlobalSection(ProjectConfigurationPlatforms) = postSolution
		{A148C12E-5D89-4381-8EE9-8BE8B29E1F54}.Debug|Any CPU.ActiveCfg = Debug|Any CPU
		{A148C12E-5D89-4381-8EE9-8BE8B29E1F54}.Debug|Any CPU.Build.0 = Debug|Any CPU
		{A148C12E-5D89-4381-8EE9-8BE8B29E1F54}.Release|Any CPU.ActiveCfg = Release|Any CPU
		{A148C12E-5D89-4381-8EE9-8BE8B29E1F54}.Release|Any CPU.Build.0 = Release|Any CPU
	EndGlobalSection
	GlobalSection(SolutionProperties) = preSolution
		HideSolutionNode = FALSE
	EndGlobalSection
	GlobalSection(ExtensibilityGlobals) = postSolution
		SolutionGuid = {36BC2CF7-F147-44D6-9980-BEB167A5CBF6}
	EndGlobalSection
EndGlobal
